# This file is automatically @generated by Poetry 2.2.0 and should not be changed by hand.

[[package]]
name = "dnspython"
version = "2.8.0"
description = "DNS toolkit"
optional = false
python-versions = ">=3.10"
groups = ["main"]
files = [
    {file = "dnspython-2.8.0-py3-none-any.whl", hash = "sha256:01d9bbc4a2d76bf0db7c1f729812ded6d912bd318d3b1cf81d30c0f845dbf3af"},
    {file = "dnspython-2.8.0.tar.gz", hash = "sha256:181d3c6996452cb1189c4046c61599b84a5a86e099562ffde77d26984ff26d0f"},
]

[package.extras]
dev = ["black (>=25.1.0)", "coverage (>=7.0)", "flake8 (>=7)", "hypercorn (>=0.17.0)", "mypy (>=1.17)", "pylint (>=3)", "pytest (>=8.4)", "pytest-cov (>=6.2.0)", "quart-trio (>=0.12.0)", "sphinx (>=8.2.0)", "sphinx-rtd-theme (>=3.0.0)", "twine (>=6.1.0)", "wheel (>=0.45.0)"]
dnssec = ["cryptography (>=45)"]
doh = ["h2 (>=4.2.0)", "httpcore (>=1.0.0)", "httpx (>=0.28.0)"]
doq = ["aioquic (>=1.2.0)"]
idna = ["idna (>=3.10)"]
trio = ["trio (>=0.30)"]
wmi = ["wmi (>=1.5.1) ; platform_system == \"Windows\""]

[[package]]
name = "pymongo"
version = "4.15.1"
description = "PyMongo - the Official MongoDB Python driver"
optional = false
python-versions = ">=3.9"
groups = ["main"]
files = [
    {file = "pymongo-4.15.1-cp310-cp310-macosx_10_9_x86_64.whl", hash = "sha256:97ccf8222abd5b79daa29811f64ef8b6bb678b9c9a1c1a2cfa0a277f89facd1d"},
    {file = "pymongo-4.15.1-cp310-cp310-macosx_11_0_arm64.whl", hash = "sha256:f130b3d7540749a8788a254ceb199a03ede4ee080061bfa5e20e28237c87f2d7"},
    {file = "pymongo-4.15.1-cp310-cp310-manylinux_2_17_aarch64.manylinux2014_aarch64.whl", hash = "sha256:1fbe6a044a306ed974bd1788f3ceffc2f5e13f81fdb786a28c948c047f4cea38"},
    {file = "pymongo-4.15.1-cp310-cp310-manylinux_2_17_ppc64le.manylinux2014_ppc64le.whl", hash = "sha256:1b96768741e0e03451ef7b07c4857490cc43999e01c7f8da704fe00b3fe5d4d3"},
    {file = "pymongo-4.15.1-cp310-cp310-manylinux_2_17_s390x.manylinux2014_s390x.whl", hash = "sha256:d50b18ad6e4a55a75c30f0e669bd15ed1ceb18f9994d6835b4f5d5218592b4a0"},
    {file = "pymongo-4.15.1-cp310-cp310-manylinux_2_17_x86_64.manylinux2014_x86_64.whl", hash = "sha256:3e8e2a33613b2880d516d9c8616b64d27957c488de2f8e591945cf12094336a5"},
    {file = "pymongo-4.15.1-cp310-cp310-manylinux_2_5_i686.manylinux1_i686.manylinux_2_17_i686.manylinux2014_i686.whl", hash = "sha256:7a2a439395f3d4c9d3dc33ba4575d52b6dd285d57db54e32062ae8ef557cab10"},
    {file = "pymongo-4.15.1-cp310-cp310-win32.whl", hash = "sha256:142abf2fbd4667a3c8f4ce2e30fdbd287c015f52a838f4845d7476a45340208d"},
    {file = "pymongo-4.15.1-cp310-cp310-win_amd64.whl", hash = "sha256:8baf46384c97f774bc84178662e1fc6e32a2755fbc8e259f424780c2a11a3566"},
    {file = "pymongo-4.15.1-cp310-cp310-win_arm64.whl", hash = "sha256:b5b837df8e414e2a173722395107da981d178ba7e648f612fa49b7ab4e240852"},
    {file = "pymongo-4.15.1-cp311-cp311-macosx_10_9_x86_64.whl", hash = "sha256:363445cc0e899b9e55ac9904a868c8a16a6c81f71c48dbadfd78c98e0b54de27"},
    {file = "pymongo-4.15.1-cp311-cp311-macosx_11_0_arm64.whl", hash = "sha256:da0a13f345f4b101776dbab92cec66f0b75015df0b007b47bd73bfd0305cc56a"},
    {file = "pymongo-4.15.1-cp311-cp311-manylinux_2_17_aarch64.manylinux2014_aarch64.whl", hash = "sha256:9481a492851e432122a83755d4e69c06aeb087bbf8370bac9f96d112ac1303fd"},
    {file = "pymongo-4.15.1-cp311-cp311-manylinux_2_17_ppc64le.manylinux2014_ppc64le.whl", hash = "sha256:625dec3e9cd7c3d336285a20728c01bfc56d37230a99ec537a6a8625af783a43"},
    {file = "pymongo-4.15.1-cp311-cp311-manylinux_2_17_s390x.manylinux2014_s390x.whl", hash = "sha256:26a31af455bffcc64537a7f67e2f84833a57855a82d05a085a1030c471138990"},
    {file = "pymongo-4.15.1-cp311-cp311-manylinux_2_17_x86_64.manylinux2014_x86_64.whl", hash = "sha256:ea4415970d2a074d5890696af10e174d84cb735f1fa7673020c7538431e1cb6e"},
    {file = "pymongo-4.15.1-cp311-cp311-manylinux_2_5_i686.manylinux1_i686.manylinux_2_17_i686.manylinux2014_i686.whl", hash = "sha256:51ee050a2e026e2b224d2ed382830194be20a81c78e1ef98f467e469071df3ac"},
    {file = "pymongo-4.15.1-cp311-cp311-win32.whl", hash = "sha256:9aef07d33839f6429dc24f2ef36e4ec906979cb4f628c57a1c2676cc66625711"},
    {file = "pymongo-4.15.1-cp311-cp311-win_amd64.whl", hash = "sha256:8ea6e5ff4d6747e7b64966629a964db3089e9c1e0206d8f9cc8720c90f5a7af1"},
    {file = "pymongo-4.15.1-cp311-cp311-win_arm64.whl", hash = "sha256:bb783d9001b464a6ef3ee76c30ebbb6f977caee7bbc3a9bb1bd2ff596e818c46"},
    {file = "pymongo-4.15.1-cp312-cp312-macosx_10_13_x86_64.whl", hash = "sha256:bab357c5ff36ba2340dfc94f3338ef399032089d35c3d257ce0c48630b7848b2"},
    {file = "pymongo-4.15.1-cp312-cp312-macosx_11_0_arm64.whl", hash = "sha256:46d1af3eb2c274f07815372b5a68f99ecd48750e8ab54d5c3ff36a280fb41c8e"},
    {file = "pymongo-4.15.1-cp312-cp312-manylinux_2_17_aarch64.manylinux2014_aarch64.whl", hash = "sha256:7dc31357379318881186213dc5fc49b62601c955504f65c8e72032b5048950a1"},
    {file = "pymongo-4.15.1-cp312-cp312-manylinux_2_17_ppc64le.manylinux2014_ppc64le.whl", hash = "sha256:12140d29da1ecbaefee2a9e65433ef15d6c2c38f97bc6dab0ff246a96f9d20cd"},
    {file = "pymongo-4.15.1-cp312-cp312-manylinux_2_17_s390x.manylinux2014_s390x.whl", hash = "sha256:cf193d2dcd91fa1d1dfa1fd036a3b54f792915a4842d323c0548d23d30461b59"},
    {file = "pymongo-4.15.1-cp312-cp312-manylinux_2_17_x86_64.manylinux2014_x86_64.whl", hash = "sha256:a2c0bdcf4d57e4861ed323ba430b585ad98c010a83e46cb8aa3b29c248a82be1"},
    {file = "pymongo-4.15.1-cp312-cp312-manylinux_2_5_i686.manylinux1_i686.manylinux_2_17_i686.manylinux2014_i686.whl", hash = "sha256:43fcfc19446e0706bbfe86f683a477d1e699b02369dd9c114ec17c7182d1fe2b"},
    {file = "pymongo-4.15.1-cp312-cp312-win32.whl", hash = "sha256:e5fedea0e7b3747da836cd5f88b0fa3e2ec5a394371f9b6a6b15927cfeb5455d"},
    {file = "pymongo-4.15.1-cp312-cp312-win_amd64.whl", hash = "sha256:330a17c1c89e2c3bf03ed391108f928d5881298c17692199d3e0cdf097a20082"},
    {file = "pymongo-4.15.1-cp312-cp312-win_arm64.whl", hash = "sha256:756b7a2a80ec3dd5b89cd62e9d13c573afd456452a53d05663e8ad0c5ff6632b"},
    {file = "pymongo-4.15.1-cp313-cp313-macosx_10_13_x86_64.whl", hash = "sha256:622957eed757e44d9605c43b576ef90affb61176d9e8be7356c1a2948812cb84"},
    {file = "pymongo-4.15.1-cp313-cp313-macosx_11_0_arm64.whl", hash = "sha256:c5283dffcf601b793a57bb86819a467473bbb1bf21cd170c0b9648f933f22131"},
    {file = "pymongo-4.15.1-cp313-cp313-manylinux_2_17_aarch64.manylinux2014_aarch64.whl", hash = "sha256:def51dea1f8e336aed807eb5d2f2a416c5613e97ec64f07479681d05044c217c"},
    {file = "pymongo-4.15.1-cp313-cp313-manylinux_2_17_ppc64le.manylinux2014_ppc64le.whl", hash = "sha256:24171b2015052b2f0a3f8cbfa38b973fa87f6474e88236a4dfeb735983f9f49e"},
    {file = "pymongo-4.15.1-cp313-cp313-manylinux_2_17_s390x.manylinux2014_s390x.whl", hash = "sha256:64b60ed7220c52f8c78c7af8d2c58f7e415732e21b3ff7e642169efa6e0b11e7"},
    {file = "pymongo-4.15.1-cp313-cp313-manylinux_2_17_x86_64.manylinux2014_x86_64.whl", hash = "sha256:58236ce5ba3a79748c1813221b07b411847fd8849ff34c2891ba56f807cce3e5"},
    {file = "pymongo-4.15.1-cp313-cp313-manylinux_2_5_i686.manylinux1_i686.manylinux_2_17_i686.manylinux2014_i686.whl", hash = "sha256:7461e777b3da96568c1f077b1fbf9e0c15667ac4d8b9a1cf90d80a69fe3be609"},
    {file = "pymongo-4.15.1-cp313-cp313-win32.whl", hash = "sha256:45f0a2fb09704ca5e0df08a794076d21cbe5521d3a8ceb8ad6d51cef12f5f4e7"},
    {file = "pymongo-4.15.1-cp313-cp313-win_amd64.whl", hash = "sha256:b70201a6dbe19d0d10a886989d3ba4b857ea6ef402a22a61c8ca387b937cc065"},
    {file = "pymongo-4.15.1-cp313-cp313-win_arm64.whl", hash = "sha256:6892ebf8b2bc345cacfe1301724195d87162f02d01c417175e9f27d276a2f198"},
    {file = "pymongo-4.15.1-cp313-cp313t-macosx_10_13_x86_64.whl", hash = "sha256:db439288516514713c8ee09c9baaf66bc4b0188fbe4cd578ef3433ee27699aab"},
    {file = "pymongo-4.15.1-cp313-cp313t-macosx_11_0_arm64.whl", hash = "sha256:234c80a5f21c8854cc5d6c2f5541ff17dd645b99643587c5e7ed1e21d42003b6"},
    {file = "pymongo-4.15.1-cp313-cp313t-manylinux_2_17_aarch64.manylinux2014_aarch64.whl", hash = "sha256:b570dc8179dcab980259b885116b14462bcf39170e30d8cbcce6f17f28a2ac5b"},
    {file = "pymongo-4.15.1-cp313-cp313t-manylinux_2_17_ppc64le.manylinux2014_ppc64le.whl", hash = "sha256:cb6321bde02308d4d313b487d19bfae62ea4d37749fc2325b1c12388e05e4c31"},
    {file = "pymongo-4.15.1-cp313-cp313t-manylinux_2_17_s390x.manylinux2014_s390x.whl", hash = "sha256:cc808588289f693aba80fae8272af4582a7d6edc4e95fb8fbf65fe6f634116ce"},
    {file = "pymongo-4.15.1-cp313-cp313t-manylinux_2_17_x86_64.manylinux2014_x86_64.whl", hash = "sha256:99236fd0e0cf6b048a4370d0df6820963dc94f935ad55a2e29af752272abd6c9"},
    {file = "pymongo-4.15.1-cp313-cp313t-manylinux_2_5_i686.manylinux1_i686.manylinux_2_17_i686.manylinux2014_i686.whl", hash = "sha256:2277548bb093424742325b2a88861d913d8990f358fc71fd26004d1b87029bb8"},
    {file = "pymongo-4.15.1-cp313-cp313t-win32.whl", hash = "sha256:754a5d75c33d49691e2b09a4e0dc75959e271a38cbfd92c6b36f7e4eafc4608e"},
    {file = "pymongo-4.15.1-cp313-cp313t-win_amd64.whl", hash = "sha256:8d62e68ad21661e536555d0683087a14bf5c74b242a4446c602d16080eb9e293"},
    {file = "pymongo-4.15.1-cp313-cp313t-win_arm64.whl", hash = "sha256:56bbfb79b51e95f4b1324a5a7665f3629f4d27c18e2002cfaa60c907cc5369d9"},
    {file = "pymongo-4.15.1-cp39-cp39-macosx_10_9_x86_64.whl", hash = "sha256:c08eb3944b5b361e3762bfec523d69621085238e4d26de988ea4a50e40d1b59c"},
    {file = "pymongo-4.15.1-cp39-cp39-macosx_11_0_arm64.whl", hash = "sha256:00e5313573243636813d17879176578fa3f3072ccf83147b16ce41ec52118c85"},
    {file = "pymongo-4.15.1-cp39-cp39-manylinux_2_17_aarch64.manylinux2014_aarch64.whl", hash = "sha256:4c2d4b76ca658f0f244c8de21af33f33db4d958bfacbce1cf0f8ef4e22c1112f"},
    {file = "pymongo-4.15.1-cp39-cp39-manylinux_2_17_ppc64le.manylinux2014_ppc64le.whl", hash = "sha256:6de046444c57f908b92bb03e3bb726b28a989a09e9e387c3af9c207e6a9469b9"},
    {file = "pymongo-4.15.1-cp39-cp39-manylinux_2_17_s390x.manylinux2014_s390x.whl", hash = "sha256:818b77c858dfd385b9d9f5f097807edd834073790ba4153c77a0b615da13761f"},
    {file = "pymongo-4.15.1-cp39-cp39-manylinux_2_17_x86_64.manylinux2014_x86_64.whl", hash = "sha256:09de6518847abeed166148e7169095a227aa4c888fa4f56f76fe5f166fa7e7c7"},
    {file = "pymongo-4.15.1-cp39-cp39-manylinux_2_5_i686.manylinux1_i686.manylinux_2_17_i686.manylinux2014_i686.whl", hash = "sha256:9384dc203d4031c6aac8926bd6544e615dafc516db1f0e97404119d3ca396bcc"},
    {file = "pymongo-4.15.1-cp39-cp39-manylinux_2_5_i686.manylinux1_i686.whl", hash = "sha256:035f8299c3f2e8254faa5f4b8265d7628c51385a6097780f65df17963d552980"},
    {file = "pymongo-4.15.1-cp39-cp39-manylinux_2_5_x86_64.manylinux1_x86_64.whl", hash = "sha256:b3fbbcd46b172f012c8a5532f372528b36b4f7d418768403c91149e6bd2c4c05"},
    {file = "pymongo-4.15.1-cp39-cp39-win32.whl", hash = "sha256:c4809f8791f9dfb09eb6f5a457575ef89e4b754b950a9ff887d896e38db91673"},
    {file = "pymongo-4.15.1-cp39-cp39-win_amd64.whl", hash = "sha256:67f7010851261f638cad9ebf89a8e6266b355ab9b304fe7ad98fec2fb90243df"},
    {file = "pymongo-4.15.1-cp39-cp39-win_arm64.whl", hash = "sha256:c4e971349b7bdfb536af29e10f6f6af419edcb7df4f5e502ece6522e1581e37b"},
    {file = "pymongo-4.15.1.tar.gz", hash = "sha256:b9f379a4333dc3779a6bf7adfd077d4387404ed1561472743486a9c58286f705"},
]

[package.dependencies]
dnspython = ">=1.16.0,<3.0.0"

[package.extras]
aws = ["pymongo-auth-aws (>=1.1.0,<2.0.0)"]
docs = ["furo (==2025.7.19)", "readthedocs-sphinx-search (>=0.3,<1.0)", "sphinx (>=5.3,<9)", "sphinx-autobuild (>=2020.9.1)", "sphinx-rtd-theme (>=2,<4)", "sphinxcontrib-shellcheck (>=1,<2)"]
encryption = ["certifi ; os_name == \"nt\" or sys_platform == \"darwin\"", "pymongo-auth-aws (>=1.1.0,<2.0.0)", "pymongocrypt (>=1.13.0,<2.0.0)"]
gssapi = ["pykerberos ; os_name != \"nt\"", "winkerberos (>=0.5.0) ; os_name == \"nt\""]
ocsp = ["certifi ; os_name == \"nt\" or sys_platform == \"darwin\"", "cryptography (>=2.5)", "pyopenssl (>=17.2.0)", "requests (<3.0.0)", "service-identity (>=18.1.0)"]
snappy = ["python-snappy"]
test = ["pytest (>=8.2)", "pytest-asyncio (>=0.24.0)"]
zstd = ["zstandard"]

[metadata]
lock-version = "2.1"
python-versions = ">=3.13"
content-hash = "b901ce8c9b39af021563b26d09d18f592d93116c78600d73ddcd196b4ec5c59a"
